// !$*UTF8*$!
{
	archiveVersion = 1;
	classes = {
	};
	objectVersion = 46;
	objects = {

/* Begin PBXBuildFile section */
		3509196D713D240EC45F0D01 /* libPods-RJTests.a in Frameworks */ = {isa = PBXBuildFile; fileRef = 11793BB36DBECCF1C26C4424 /* libPods-RJTests.a */; };
		3DBAC02017D88021C2E5CE7B /* libPods-RJUITests.a in Frameworks */ = {isa = PBXBuildFile; fileRef = 8D4D7766EC348A3E938E81B2 /* libPods-RJUITests.a */; };
		8B949EBA1DD26B1F00D6ECB1 /* main.m in Sources */ = {isa = PBXBuildFile; fileRef = 8B949EB91DD26B1F00D6ECB1 /* main.m */; };
		8B949EBD1DD26B1F00D6ECB1 /* AppDelegate.m in Sources */ = {isa = PBXBuildFile; fileRef = 8B949EBC1DD26B1F00D6ECB1 /* AppDelegate.m */; };
		8B949EBF1DD26B1F00D6ECB1 /* RJ-Prefix.pch in Resources */ = {isa = PBXBuildFile; fileRef = 8B949EBE1DD26B1F00D6ECB1 /* RJ-Prefix.pch */; };
		8B949EC11DD26B1F00D6ECB1 /* Assets.xcassets in Resources */ = {isa = PBXBuildFile; fileRef = 8B949EC01DD26B1F00D6ECB1 /* Assets.xcassets */; };
		8B949EC41DD26B1F00D6ECB1 /* LaunchScreen.storyboard in Resources */ = {isa = PBXBuildFile; fileRef = 8B949EC21DD26B1F00D6ECB1 /* LaunchScreen.storyboard */; };
		8B949ECF1DD26B1F00D6ECB1 /* RJTests.m in Sources */ = {isa = PBXBuildFile; fileRef = 8B949ECE1DD26B1F00D6ECB1 /* RJTests.m */; };
		8B949EDA1DD26B1F00D6ECB1 /* RJUITests.m in Sources */ = {isa = PBXBuildFile; fileRef = 8B949ED91DD26B1F00D6ECB1 /* RJUITests.m */; };
		F03F353EAF2CF38A2E686B04 /* libPods-RJ.a in Frameworks */ = {isa = PBXBuildFile; fileRef = 6C059A980FCD82B3FBF140A0 /* libPods-RJ.a */; };
/* End PBXBuildFile section */

/* Begin PBXContainerItemProxy section */
		8B949ECB1DD26B1F00D6ECB1 /* PBXContainerItemProxy */ = {
			isa = PBXContainerItemProxy;
			containerPortal = 8B949EAD1DD26B1F00D6ECB1 /* Project object */;
			proxyType = 1;
			remoteGlobalIDString = 8B949EB41DD26B1F00D6ECB1;
			remoteInfo = RJ;
		};
		8B949ED61DD26B1F00D6ECB1 /* PBXContainerItemProxy */ = {
			isa = PBXContainerItemProxy;
			containerPortal = 8B949EAD1DD26B1F00D6ECB1 /* Project object */;
			proxyType = 1;
			remoteGlobalIDString = 8B949EB41DD26B1F00D6ECB1;
			remoteInfo = RJ;
		};
/* End PBXContainerItemProxy section */

/* Begin PBXFileReference section */
		11793BB36DBECCF1C26C4424 /* libPods-RJTests.a */ = {isa = PBXFileReference; explicitFileType = archive.ar; includeInIndex = 0; path = "libPods-RJTests.a"; sourceTree = BUILT_PRODUCTS_DIR; };
		191B10CAD412302416394747 /* Pods-RJTests.release.xcconfig */ = {isa = PBXFileReference; includeInIndex = 1; lastKnownFileType = text.xcconfig; name = "Pods-RJTests.release.xcconfig"; path = "Pods/Target Support Files/Pods-RJTests/Pods-RJTests.release.xcconfig"; sourceTree = "<group>"; };
		360AA8370E25BBE8628A8151 /* Pods-RJ.release.xcconfig */ = {isa = PBXFileReference; includeInIndex = 1; lastKnownFileType = text.xcconfig; name = "Pods-RJ.release.xcconfig"; path = "Pods/Target Support Files/Pods-RJ/Pods-RJ.release.xcconfig"; sourceTree = "<group>"; };
		626C60C7F0F179A145E2D75A /* Pods-RJ.debug.xcconfig */ = {isa = PBXFileReference; includeInIndex = 1; lastKnownFileType = text.xcconfig; name = "Pods-RJ.debug.xcconfig"; path = "Pods/Target Support Files/Pods-RJ/Pods-RJ.debug.xcconfig"; sourceTree = "<group>"; };
		6C059A980FCD82B3FBF140A0 /* libPods-RJ.a */ = {isa = PBXFileReference; explicitFileType = archive.ar; includeInIndex = 0; path = "libPods-RJ.a"; sourceTree = BUILT_PRODUCTS_DIR; };
		8B949EB51DD26B1F00D6ECB1 /* RJ.app */ = {isa = PBXFileReference; explicitFileType = wrapper.application; includeInIndex = 0; path = RJ.app; sourceTree = BUILT_PRODUCTS_DIR; };
		8B949EB91DD26B1F00D6ECB1 /* main.m */ = {isa = PBXFileReference; lastKnownFileType = sourcecode.c.objc; path = main.m; sourceTree = "<group>"; };
		8B949EBB1DD26B1F00D6ECB1 /* AppDelegate.h */ = {isa = PBXFileReference; lastKnownFileType = sourcecode.c.h; path = AppDelegate.h; sourceTree = "<group>"; };
		8B949EBC1DD26B1F00D6ECB1 /* AppDelegate.m */ = {isa = PBXFileReference; lastKnownFileType = sourcecode.c.objc; path = AppDelegate.m; sourceTree = "<group>"; };
		8B949EBE1DD26B1F00D6ECB1 /* RJ-Prefix.pch */ = {isa = PBXFileReference; lastKnownFileType = sourcecode.c.h; path = "RJ-Prefix.pch"; sourceTree = "<group>"; };
		8B949EC01DD26B1F00D6ECB1 /* Assets.xcassets */ = {isa = PBXFileReference; lastKnownFileType = folder.assetcatalog; path = Assets.xcassets; sourceTree = "<group>"; };
		8B949EC31DD26B1F00D6ECB1 /* Base */ = {isa = PBXFileReference; lastKnownFileType = file.storyboard; name = Base; path = Base.lproj/LaunchScreen.storyboard; sourceTree = "<group>"; };
		8B949EC51DD26B1F00D6ECB1 /* Info.plist */ = {isa = PBXFileReference; lastKnownFileType = text.plist.xml; path = Info.plist; sourceTree = "<group>"; };
		8B949ECA1DD26B1F00D6ECB1 /* RJTests.xctest */ = {isa = PBXFileReference; explicitFileType = wrapper.cfbundle; includeInIndex = 0; path = RJTests.xctest; sourceTree = BUILT_PRODUCTS_DIR; };
		8B949ECE1DD26B1F00D6ECB1 /* RJTests.m */ = {isa = PBXFileReference; lastKnownFileType = sourcecode.c.objc; path = RJTests.m; sourceTree = "<group>"; };
		8B949ED01DD26B1F00D6ECB1 /* Info.plist */ = {isa = PBXFileReference; lastKnownFileType = text.plist.xml; path = Info.plist; sourceTree = "<group>"; };
		8B949ED51DD26B1F00D6ECB1 /* RJUITests.xctest */ = {isa = PBXFileReference; explicitFileType = wrapper.cfbundle; includeInIndex = 0; path = RJUITests.xctest; sourceTree = BUILT_PRODUCTS_DIR; };
		8B949ED91DD26B1F00D6ECB1 /* RJUITests.m */ = {isa = PBXFileReference; lastKnownFileType = sourcecode.c.objc; path = RJUITests.m; sourceTree = "<group>"; };
		8B949EDB1DD26B1F00D6ECB1 /* Info.plist */ = {isa = PBXFileReference; lastKnownFileType = text.plist.xml; path = Info.plist; sourceTree = "<group>"; };
		8D4D7766EC348A3E938E81B2 /* libPods-RJUITests.a */ = {isa = PBXFileReference; explicitFileType = archive.ar; includeInIndex = 0; path = "libPods-RJUITests.a"; sourceTree = BUILT_PRODUCTS_DIR; };
		CCD11D8D7273FF5840941FA4 /* Pods-RJUITests.release.xcconfig */ = {isa = PBXFileReference; includeInIndex = 1; lastKnownFileType = text.xcconfig; name = "Pods-RJUITests.release.xcconfig"; path = "Pods/Target Support Files/Pods-RJUITests/Pods-RJUITests.release.xcconfig"; sourceTree = "<group>"; };
		D150475F59823EF8F65BB2A1 /* Pods-RJTests.debug.xcconfig */ = {isa = PBXFileReference; includeInIndex = 1; lastKnownFileType = text.xcconfig; name = "Pods-RJTests.debug.xcconfig"; path = "Pods/Target Support Files/Pods-RJTests/Pods-RJTests.debug.xcconfig"; sourceTree = "<group>"; };
		D7E733CF65DD1C0B0FF2CBF6 /* Pods-RJUITests.debug.xcconfig */ = {isa = PBXFileReference; includeInIndex = 1; lastKnownFileType = text.xcconfig; name = "Pods-RJUITests.debug.xcconfig"; path = "Pods/Target Support Files/Pods-RJUITests/Pods-RJUITests.debug.xcconfig"; sourceTree = "<group>"; };
/* End PBXFileReference section */

/* Begin PBXFrameworksBuildPhase section */
		8B949EB21DD26B1F00D6ECB1 /* Frameworks */ = {
			isa = PBXFrameworksBuildPhase;
			buildActionMask = 2147483647;
			files = (
				F03F353EAF2CF38A2E686B04 /* libPods-RJ.a in Frameworks */,
			);
			runOnlyForDeploymentPostprocessing = 0;
		};
		8B949EC71DD26B1F00D6ECB1 /* Frameworks */ = {
			isa = PBXFrameworksBuildPhase;
			buildActionMask = 2147483647;
			files = (
				3509196D713D240EC45F0D01 /* libPods-RJTests.a in Frameworks */,
			);
			runOnlyForDeploymentPostprocessing = 0;
		};
		8B949ED21DD26B1F00D6ECB1 /* Frameworks */ = {
			isa = PBXFrameworksBuildPhase;
			buildActionMask = 2147483647;
			files = (
				3DBAC02017D88021C2E5CE7B /* libPods-RJUITests.a in Frameworks */,
			);
			runOnlyForDeploymentPostprocessing = 0;
		};
/* End PBXFrameworksBuildPhase section */

/* Begin PBXGroup section */
		01B0376A5DF46C2377085578 /* Frameworks */ = {
			isa = PBXGroup;
			children = (
				6C059A980FCD82B3FBF140A0 /* libPods-RJ.a */,
				11793BB36DBECCF1C26C4424 /* libPods-RJTests.a */,
				8D4D7766EC348A3E938E81B2 /* libPods-RJUITests.a */,
			);
			name = Frameworks;
			sourceTree = "<group>";
		};
		1A04054AF1FEA9EB70153F31 /* Pods */ = {
			isa = PBXGroup;
			children = (
				626C60C7F0F179A145E2D75A /* Pods-RJ.debug.xcconfig */,
				360AA8370E25BBE8628A8151 /* Pods-RJ.release.xcconfig */,
				D150475F59823EF8F65BB2A1 /* Pods-RJTests.debug.xcconfig */,
				191B10CAD412302416394747 /* Pods-RJTests.release.xcconfig */,
				D7E733CF65DD1C0B0FF2CBF6 /* Pods-RJUITests.debug.xcconfig */,
				CCD11D8D7273FF5840941FA4 /* Pods-RJUITests.release.xcconfig */,
			);
			name = Pods;
			sourceTree = "<group>";
		};
		8B949EAC1DD26B1F00D6ECB1 = {
			isa = PBXGroup;
			children = (
				8B949EB71DD26B1F00D6ECB1 /* RJ */,
				8B949ECD1DD26B1F00D6ECB1 /* RJTests */,
				8B949ED81DD26B1F00D6ECB1 /* RJUITests */,
				8B949EB61DD26B1F00D6ECB1 /* Products */,
				1A04054AF1FEA9EB70153F31 /* Pods */,
				01B0376A5DF46C2377085578 /* Frameworks */,
			);
			sourceTree = "<group>";
		};
		8B949EB61DD26B1F00D6ECB1 /* Products */ = {
			isa = PBXGroup;
			children = (
				8B949EB51DD26B1F00D6ECB1 /* RJ.app */,
				8B949ECA1DD26B1F00D6ECB1 /* RJTests.xctest */,
				8B949ED51DD26B1F00D6ECB1 /* RJUITests.xctest */,
			);
			name = Products;
			sourceTree = "<group>";
		};
		8B949EB71DD26B1F00D6ECB1 /* RJ */ = {
			isa = PBXGroup;
			children = (
				8B949EBB1DD26B1F00D6ECB1 /* AppDelegate.h */,
				8B949EBC1DD26B1F00D6ECB1 /* AppDelegate.m */,
				8B949EBE1DD26B1F00D6ECB1 /* RJ-Prefix.pch */,
				8B949EC01DD26B1F00D6ECB1 /* Assets.xcassets */,
				8B949EC21DD26B1F00D6ECB1 /* LaunchScreen.storyboard */,
				8B949EC51DD26B1F00D6ECB1 /* Info.plist */,
				8B949EB81DD26B1F00D6ECB1 /* Supporting Files */,
			);
			path = RJ;
			sourceTree = "<group>";
		};
		8B949EB81DD26B1F00D6ECB1 /* Supporting Files */ = {
			isa = PBXGroup;
			children = (
				8B949EB91DD26B1F00D6ECB1 /* main.m */,
			);
			name = "Supporting Files";
			sourceTree = "<group>";
		};
		8B949ECD1DD26B1F00D6ECB1 /* RJTests */ = {
			isa = PBXGroup;
			children = (
				8B949ECE1DD26B1F00D6ECB1 /* RJTests.m */,
				8B949ED01DD26B1F00D6ECB1 /* Info.plist */,
			);
			path = RJTests;
			sourceTree = "<group>";
		};
		8B949ED81DD26B1F00D6ECB1 /* RJUITests */ = {
			isa = PBXGroup;
			children = (
				8B949ED91DD26B1F00D6ECB1 /* RJUITests.m */,
				8B949EDB1DD26B1F00D6ECB1 /* Info.plist */,
			);
			path = RJUITests;
			sourceTree = "<group>";
		};
/* End PBXGroup section */

/* Begin PBXNativeTarget section */
		8B949EB41DD26B1F00D6ECB1 /* RJ */ = {
			isa = PBXNativeTarget;
			buildConfigurationList = 8B949EDE1DD26B1F00D6ECB1 /* Build configuration list for PBXNativeTarget "RJ" */;
			buildPhases = (
				65D906355D0EC57580E1D2FF /* [CP] Check Pods Manifest.lock */,
				8B949EB11DD26B1F00D6ECB1 /* Sources */,
				8B949EB21DD26B1F00D6ECB1 /* Frameworks */,
				8B949EB31DD26B1F00D6ECB1 /* Resources */,
				C1EED1E52D2941F8733CC2FA /* [CP] Embed Pods Frameworks */,
				9C6FD932A8D78CDC1E176955 /* [CP] Copy Pods Resources */,
			);
			buildRules = (
			);
			dependencies = (
			);
			name = RJ;
			productName = RJ;
			productReference = 8B949EB51DD26B1F00D6ECB1 /* RJ.app */;
			productType = "com.apple.product-type.application";
		};
		8B949EC91DD26B1F00D6ECB1 /* RJTests */ = {
			isa = PBXNativeTarget;
			buildConfigurationList = 8B949EE11DD26B1F00D6ECB1 /* Build configuration list for PBXNativeTarget "RJTests" */;
			buildPhases = (
				D6A3FEE4F530CA5F59BB254C /* [CP] Check Pods Manifest.lock */,
				8B949EC61DD26B1F00D6ECB1 /* Sources */,
				8B949EC71DD26B1F00D6ECB1 /* Frameworks */,
				8B949EC81DD26B1F00D6ECB1 /* Resources */,
				5C1456B06E9B90D6F520B1D8 /* [CP] Embed Pods Frameworks */,
				BDB9109ECA7FE70C3F518B30 /* [CP] Copy Pods Resources */,
			);
			buildRules = (
			);
			dependencies = (
				8B949ECC1DD26B1F00D6ECB1 /* PBXTargetDependency */,
			);
			name = RJTests;
			productName = RJTests;
			productReference = 8B949ECA1DD26B1F00D6ECB1 /* RJTests.xctest */;
			productType = "com.apple.product-type.bundle.unit-test";
		};
		8B949ED41DD26B1F00D6ECB1 /* RJUITests */ = {
			isa = PBXNativeTarget;
			buildConfigurationList = 8B949EE41DD26B1F00D6ECB1 /* Build configuration list for PBXNativeTarget "RJUITests" */;
			buildPhases = (
				2E72A138D80B507C02069D0F /* [CP] Check Pods Manifest.lock */,
				8B949ED11DD26B1F00D6ECB1 /* Sources */,
				8B949ED21DD26B1F00D6ECB1 /* Frameworks */,
				8B949ED31DD26B1F00D6ECB1 /* Resources */,
				4D652921FED15D1F97F5E795 /* [CP] Copy Pods Resources */,
			);
			buildRules = (
			);
			dependencies = (
				8B949ED71DD26B1F00D6ECB1 /* PBXTargetDependency */,
			);
			name = RJUITests;
			productName = RJUITests;
			productReference = 8B949ED51DD26B1F00D6ECB1 /* RJUITests.xctest */;
			productType = "com.apple.product-type.bundle.ui-testing";
		};
/* End PBXNativeTarget section */

/* Begin PBXProject section */
		8B949EAD1DD26B1F00D6ECB1 /* Project object */ = {
			isa = PBXProject;
			attributes = {
				LastUpgradeCheck = 0810;
				ORGANIZATIONNAME = Rflpz;
				TargetAttributes = {
					8B949EB41DD26B1F00D6ECB1 = {
						CreatedOnToolsVersion = 8.1;
						DevelopmentTeam = 4AZJQ67WK2;
						ProvisioningStyle = Automatic;
					};
					8B949EC91DD26B1F00D6ECB1 = {
						CreatedOnToolsVersion = 8.1;
						DevelopmentTeam = 4AZJQ67WK2;
						ProvisioningStyle = Automatic;
						TestTargetID = 8B949EB41DD26B1F00D6ECB1;
					};
					8B949ED41DD26B1F00D6ECB1 = {
						CreatedOnToolsVersion = 8.1;
						DevelopmentTeam = 4AZJQ67WK2;
						ProvisioningStyle = Automatic;
						TestTargetID = 8B949EB41DD26B1F00D6ECB1;
					};
				};
			};
			buildConfigurationList = 8B949EB01DD26B1F00D6ECB1 /* Build configuration list for PBXProject "RJ" */;
			compatibilityVersion = "Xcode 3.2";
			developmentRegion = English;
			hasScannedForEncodings = 0;
			knownRegions = (
				en,
				Base,
			);
			mainGroup = 8B949EAC1DD26B1F00D6ECB1;
			productRefGroup = 8B949EB61DD26B1F00D6ECB1 /* Products */;
			projectDirPath = "";
			projectRoot = "";
			targets = (
				8B949EB41DD26B1F00D6ECB1 /* RJ */,
				8B949EC91DD26B1F00D6ECB1 /* RJTests */,
				8B949ED41DD26B1F00D6ECB1 /* RJUITests */,
			);
		};
/* End PBXProject section */

/* Begin PBXResourcesBuildPhase section */
		8B949EB31DD26B1F00D6ECB1 /* Resources */ = {
			isa = PBXResourcesBuildPhase;
			buildActionMask = 2147483647;
			files = (
				8B949EC41DD26B1F00D6ECB1 /* LaunchScreen.storyboard in Resources */,
				8B949EC11DD26B1F00D6ECB1 /* Assets.xcassets in Resources */,
				8B949EBF1DD26B1F00D6ECB1 /* RJ-Prefix.pch in Resources */,
			);
			runOnlyForDeploymentPostprocessing = 0;
		};
		8B949EC81DD26B1F00D6ECB1 /* Resources */ = {
			isa = PBXResourcesBuildPhase;
			buildActionMask = 2147483647;
			files = (
			);
			runOnlyForDeploymentPostprocessing = 0;
		};
		8B949ED31DD26B1F00D6ECB1 /* Resources */ = {
			isa = PBXResourcesBuildPhase;
			buildActionMask = 2147483647;
			files = (
			);
			runOnlyForDeploymentPostprocessing = 0;
		};
/* End PBXResourcesBuildPhase section */

/* Begin PBXShellScriptBuildPhase section */
		2E72A138D80B507C02069D0F /* [CP] Check Pods Manifest.lock */ = {
			isa = PBXShellScriptBuildPhase;
			buildActionMask = 2147483647;
			files = (
			);
			inputPaths = (
			);
			name = "[CP] Check Pods Manifest.lock";
			outputPaths = (
			);
			runOnlyForDeploymentPostprocessing = 0;
			shellPath = /bin/sh;
			shellScript = "diff \"${PODS_ROOT}/../Podfile.lock\" \"${PODS_ROOT}/Manifest.lock\" > /dev/null\nif [[ $? != 0 ]] ; then\n    cat << EOM\nerror: The sandbox is not in sync with the Podfile.lock. Run 'pod install' or update your CocoaPods installation.\nEOM\n    exit 1\nfi\n";
			showEnvVarsInLog = 0;
		};
		4D652921FED15D1F97F5E795 /* [CP] Copy Pods Resources */ = {
			isa = PBXShellScriptBuildPhase;
			buildActionMask = 2147483647;
			files = (
			);
			inputPaths = (
			);
			name = "[CP] Copy Pods Resources";
			outputPaths = (
			);
			runOnlyForDeploymentPostprocessing = 0;
			shellPath = /bin/sh;
			shellScript = "\"${SRCROOT}/Pods/Target Support Files/Pods-RJUITests/Pods-RJUITests-resources.sh\"\n";
			showEnvVarsInLog = 0;
		};
		5C1456B06E9B90D6F520B1D8 /* [CP] Embed Pods Frameworks */ = {
			isa = PBXShellScriptBuildPhase;
			buildActionMask = 2147483647;
			files = (
			);
			inputPaths = (
			);
			name = "[CP] Embed Pods Frameworks";
			outputPaths = (
			);
			runOnlyForDeploymentPostprocessing = 0;
			shellPath = /bin/sh;
			shellScript = "\"${SRCROOT}/Pods/Target Support Files/Pods-RJTests/Pods-RJTests-frameworks.sh\"\n";
			showEnvVarsInLog = 0;
		};
		65D906355D0EC57580E1D2FF /* [CP] Check Pods Manifest.lock */ = {
			isa = PBXShellScriptBuildPhase;
			buildActionMask = 2147483647;
			files = (
			);
			inputPaths = (
			);
			name = "[CP] Check Pods Manifest.lock";
			outputPaths = (
			);
			runOnlyForDeploymentPostprocessing = 0;
			shellPath = /bin/sh;
			shellScript = "diff \"${PODS_ROOT}/../Podfile.lock\" \"${PODS_ROOT}/Manifest.lock\" > /dev/null\nif [[ $? != 0 ]] ; then\n    cat << EOM\nerror: The sandbox is not in sync with the Podfile.lock. Run 'pod install' or update your CocoaPods installation.\nEOM\n    exit 1\nfi\n";
			showEnvVarsInLog = 0;
		};
		9C6FD932A8D78CDC1E176955 /* [CP] Copy Pods Resources */ = {
			isa = PBXShellScriptBuildPhase;
			buildActionMask = 2147483647;
			files = (
			);
			inputPaths = (
			);
			name = "[CP] Copy Pods Resources";
			outputPaths = (
			);
			runOnlyForDeploymentPostprocessing = 0;
			shellPath = /bin/sh;
			shellScript = "\"${SRCROOT}/Pods/Target Support Files/Pods-RJ/Pods-RJ-resources.sh\"\n";
			showEnvVarsInLog = 0;
		};
		BDB9109ECA7FE70C3F518B30 /* [CP] Copy Pods Resources */ = {
			isa = PBXShellScriptBuildPhase;
			buildActionMask = 2147483647;
			files = (
			);
			inputPaths = (
			);
			name = "[CP] Copy Pods Resources";
			outputPaths = (
			);
			runOnlyForDeploymentPostprocessing = 0;
			shellPath = /bin/sh;
			shellScript = "\"${SRCROOT}/Pods/Target Support Files/Pods-RJTests/Pods-RJTests-resources.sh\"\n";
			showEnvVarsInLog = 0;
		};
		C1EED1E52D2941F8733CC2FA /* [CP] Embed Pods Frameworks */ = {
			isa = PBXShellScriptBuildPhase;
			buildActionMask = 2147483647;
			files = (
			);
			inputPaths = (
			);
			name = "[CP] Embed Pods Frameworks";
			outputPaths = (
			);
			runOnlyForDeploymentPostprocessing = 0;
			shellPath = /bin/sh;
			shellScript = "\"${SRCROOT}/Pods/Target Support Files/Pods-RJ/Pods-RJ-frameworks.sh\"\n";
			showEnvVarsInLog = 0;
		};
		D6A3FEE4F530CA5F59BB254C /* [CP] Check Pods Manifest.lock */ = {
			isa = PBXShellScriptBuildPhase;
			buildActionMask = 2147483647;
			files = (
			);
			inputPaths = (
			);
			name = "[CP] Check Pods Manifest.lock";
			outputPaths = (
			);
			runOnlyForDeploymentPostprocessing = 0;
			shellPath = /bin/sh;
			shellScript = "diff \"${PODS_ROOT}/../Podfile.lock\" \"${PODS_ROOT}/Manifest.lock\" > /dev/null\nif [[ $? != 0 ]] ; then\n    cat << EOM\nerror: The sandbox is not in sync with the Podfile.lock. Run 'pod install' or update your CocoaPods installation.\nEOM\n    exit 1\nfi\n";
			showEnvVarsInLog = 0;
		};
/* End PBXShellScriptBuildPhase section */

/* Begin PBXSourcesBuildPhase section */
		8B949EB11DD26B1F00D6ECB1 /* Sources */ = {
			isa = PBXSourcesBuildPhase;
			buildActionMask = 2147483647;
			files = (
				8B949EBD1DD26B1F00D6ECB1 /* AppDelegate.m in Sources */,
				8B949EBA1DD26B1F00D6ECB1 /* main.m in Sources */,
			);
			runOnlyForDeploymentPostprocessing = 0;
		};
		8B949EC61DD26B1F00D6ECB1 /* Sources */ = {
			isa = PBXSourcesBuildPhase;
			buildActionMask = 2147483647;
			files = (
				8B949ECF1DD26B1F00D6ECB1 /* RJTests.m in Sources */,
			);
			runOnlyForDeploymentPostprocessing = 0;
		};
		8B949ED11DD26B1F00D6ECB1 /* Sources */ = {
			isa = PBXSourcesBuildPhase;
			buildActionMask = 2147483647;
			files = (
				8B949EDA1DD26B1F00D6ECB1 /* RJUITests.m in Sources */,
			);
			runOnlyForDeploymentPostprocessing = 0;
		};
/* End PBXSourcesBuildPhase section */

/* Begin PBXTargetDependency section */
		8B949ECC1DD26B1F00D6ECB1 /* PBXTargetDependency */ = {
			isa = PBXTargetDependency;
			target = 8B949EB41DD26B1F00D6ECB1 /* RJ */;
			targetProxy = 8B949ECB1DD26B1F00D6ECB1 /* PBXContainerItemProxy */;
		};
		8B949ED71DD26B1F00D6ECB1 /* PBXTargetDependency */ = {
			isa = PBXTargetDependency;
			target = 8B949EB41DD26B1F00D6ECB1 /* RJ */;
			targetProxy = 8B949ED61DD26B1F00D6ECB1 /* PBXContainerItemProxy */;
		};
/* End PBXTargetDependency section */

/* Begin PBXVariantGroup section */
		8B949EC21DD26B1F00D6ECB1 /* LaunchScreen.storyboard */ = {
			isa = PBXVariantGroup;
			children = (
				8B949EC31DD26B1F00D6ECB1 /* Base */,
			);
			name = LaunchScreen.storyboard;
			sourceTree = "<group>";
		};
/* End PBXVariantGroup section */

/* Begin XCBuildConfiguration section */
		8B949EDC1DD26B1F00D6ECB1 /* Debug */ = {
			isa = XCBuildConfiguration;
			buildSettings = {
				ALWAYS_SEARCH_USER_PATHS = NO;
				CLANG_ANALYZER_NONNULL = YES;
				CLANG_CXX_LANGUAGE_STANDARD = "gnu++0x";
				CLANG_CXX_LIBRARY = "libc++";
				CLANG_ENABLE_MODULES = YES;
				CLANG_ENABLE_OBJC_ARC = YES;
				CLANG_WARN_BOOL_CONVERSION = YES;
				CLANG_WARN_CONSTANT_CONVERSION = YES;
				CLANG_WARN_DIRECT_OBJC_ISA_USAGE = YES_ERROR;
				CLANG_WARN_DOCUMENTATION_COMMENTS = YES;
				CLANG_WARN_EMPTY_BODY = YES;
				CLANG_WARN_ENUM_CONVERSION = YES;
				CLANG_WARN_INFINITE_RECURSION = YES;
				CLANG_WARN_INT_CONVERSION = YES;
				CLANG_WARN_OBJC_ROOT_CLASS = YES_ERROR;
				CLANG_WARN_SUSPICIOUS_MOVES = YES;
				CLANG_WARN_UNREACHABLE_CODE = YES;
				CLANG_WARN__DUPLICATE_METHOD_MATCH = YES;
				"CODE_SIGN_IDENTITY[sdk=iphoneos*]" = "iPhone Developer";
				COPY_PHASE_STRIP = NO;
				DEBUG_INFORMATION_FORMAT = dwarf;
				ENABLE_STRICT_OBJC_MSGSEND = YES;
				ENABLE_TESTABILITY = YES;
				GCC_C_LANGUAGE_STANDARD = gnu99;
				GCC_DYNAMIC_NO_PIC = NO;
				GCC_NO_COMMON_BLOCKS = YES;
				GCC_OPTIMIZATION_LEVEL = 0;
				GCC_PREPROCESSOR_DEFINITIONS = (
					"DEBUG=1",
					"$(inherited)",
				);
				GCC_WARN_64_TO_32_BIT_CONVERSION = YES;
				GCC_WARN_ABOUT_RETURN_TYPE = YES_ERROR;
				GCC_WARN_UNDECLARED_SELECTOR = YES;
				GCC_WARN_UNINITIALIZED_AUTOS = YES_AGGRESSIVE;
				GCC_WARN_UNUSED_FUNCTION = YES;
				GCC_WARN_UNUSED_VARIABLE = YES;
				IPHONEOS_DEPLOYMENT_TARGET = 10.1;
				MTL_ENABLE_DEBUG_INFO = YES;
				ONLY_ACTIVE_ARCH = YES;
				SDKROOT = iphoneos;
			};
			name = Debug;
		};
		8B949EDD1DD26B1F00D6ECB1 /* Release */ = {
			isa = XCBuildConfiguration;
			buildSettings = {
				ALWAYS_SEARCH_USER_PATHS = NO;
				CLANG_ANALYZER_NONNULL = YES;
				CLANG_CXX_LANGUAGE_STANDARD = "gnu++0x";
				CLANG_CXX_LIBRARY = "libc++";
				CLANG_ENABLE_MODULES = YES;
				CLANG_ENABLE_OBJC_ARC = YES;
				CLANG_WARN_BOOL_CONVERSION = YES;
				CLANG_WARN_CONSTANT_CONVERSION = YES;
				CLANG_WARN_DIRECT_OBJC_ISA_USAGE = YES_ERROR;
				CLANG_WARN_DOCUMENTATION_COMMENTS = YES;
				CLANG_WARN_EMPTY_BODY = YES;
				CLANG_WARN_ENUM_CONVERSION = YES;
				CLANG_WARN_INFINITE_RECURSION = YES;
				CLANG_WARN_INT_CONVERSION = YES;
				CLANG_WARN_OBJC_ROOT_CLASS = YES_ERROR;
				CLANG_WARN_SUSPICIOUS_MOVES = YES;
				CLANG_WARN_UNREACHABLE_CODE = YES;
				CLANG_WARN__DUPLICATE_METHOD_MATCH = YES;
				"CODE_SIGN_IDENTITY[sdk=iphoneos*]" = "iPhone Developer";
				COPY_PHASE_STRIP = NO;
				DEBUG_INFORMATION_FORMAT = "dwarf-with-dsym";
				ENABLE_NS_ASSERTIONS = NO;
				ENABLE_STRICT_OBJC_MSGSEND = YES;
				GCC_C_LANGUAGE_STANDARD = gnu99;
				GCC_NO_COMMON_BLOCKS = YES;
				GCC_WARN_64_TO_32_BIT_CONVERSION = YES;
				GCC_WARN_ABOUT_RETURN_TYPE = YES_ERROR;
				GCC_WARN_UNDECLARED_SELECTOR = YES;
				GCC_WARN_UNINITIALIZED_AUTOS = YES_AGGRESSIVE;
				GCC_WARN_UNUSED_FUNCTION = YES;
				GCC_WARN_UNUSED_VARIABLE = YES;
				IPHONEOS_DEPLOYMENT_TARGET = 10.1;
				MTL_ENABLE_DEBUG_INFO = NO;
				SDKROOT = iphoneos;
				VALIDATE_PRODUCT = YES;
			};
			name = Release;
		};
		8B949EDF1DD26B1F00D6ECB1 /* Debug */ = {
			isa = XCBuildConfiguration;
			baseConfigurationReference = 626C60C7F0F179A145E2D75A /* Pods-RJ.debug.xcconfig */;
			buildSettings = {
				ASSETCATALOG_COMPILER_APPICON_NAME = AppIcon;
				DEVELOPMENT_TEAM = 4AZJQ67WK2;
				INFOPLIST_FILE = RJ/Info.plist;
				LD_RUNPATH_SEARCH_PATHS = "$(inherited) @executable_path/Frameworks";
				PRODUCT_BUNDLE_IDENTIFIER = com.rflpz.RJ;
				PRODUCT_NAME = "$(TARGET_NAME)";
			};
			name = Debug;
		};
		8B949EE01DD26B1F00D6ECB1 /* Release */ = {
			isa = XCBuildConfiguration;
			baseConfigurationReference = 360AA8370E25BBE8628A8151 /* Pods-RJ.release.xcconfig */;
			buildSettings = {
				ASSETCATALOG_COMPILER_APPICON_NAME = AppIcon;
				DEVELOPMENT_TEAM = 4AZJQ67WK2;
				INFOPLIST_FILE = RJ/Info.plist;
				LD_RUNPATH_SEARCH_PATHS = "$(inherited) @executable_path/Frameworks";
				PRODUCT_BUNDLE_IDENTIFIER = com.rflpz.RJ;
				PRODUCT_NAME = "$(TARGET_NAME)";
			};
			name = Release;
		};
		8B949EE21DD26B1F00D6ECB1 /* Debug */ = {
			isa = XCBuildConfiguration;
			baseConfigurationReference = D150475F59823EF8F65BB2A1 /* Pods-RJTests.debug.xcconfig */;
			buildSettings = {
				BUNDLE_LOADER = "$(TEST_HOST)";
				DEVELOPMENT_TEAM = 4AZJQ67WK2;
				INFOPLIST_FILE = RJTests/Info.plist;
				LD_RUNPATH_SEARCH_PATHS = "$(inherited) @executable_path/Frameworks @loader_path/Frameworks";
				PRODUCT_BUNDLE_IDENTIFIER = com.rflpz.RJTests;
				PRODUCT_NAME = "$(TARGET_NAME)";
				TEST_HOST = "$(BUILT_PRODUCTS_DIR)/RJ.app/RJ";
			};
			name = Debug;
		};
		8B949EE31DD26B1F00D6ECB1 /* Release */ = {
			isa = XCBuildConfiguration;
			baseConfigurationReference = 191B10CAD412302416394747 /* Pods-RJTests.release.xcconfig */;
			buildSettings = {
				BUNDLE_LOADER = "$(TEST_HOST)";
				DEVELOPMENT_TEAM = 4AZJQ67WK2;
				INFOPLIST_FILE = RJTests/Info.plist;
				LD_RUNPATH_SEARCH_PATHS = "$(inherited) @executable_path/Frameworks @loader_path/Frameworks";
				PRODUCT_BUNDLE_IDENTIFIER = com.rflpz.RJTests;
				PRODUCT_NAME = "$(TARGET_NAME)";
				TEST_HOST = "$(BUILT_PRODUCTS_DIR)/RJ.app/RJ";
			};
			name = Release;
		};
		8B949EE51DD26B1F00D6ECB1 /* Debug */ = {
			isa = XCBuildConfiguration;
			baseConfigurationReference = D7E733CF65DD1C0B0FF2CBF6 /* Pods-RJUITests.debug.xcconfig */;
			buildSettings = {
				DEVELOPMENT_TEAM = 4AZJQ67WK2;
				INFOPLIST_FILE = RJUITests/Info.plist;
				LD_RUNPATH_SEARCH_PATHS = "$(inherited) @executable_path/Frameworks @loader_path/Frameworks";
				PRODUCT_BUNDLE_IDENTIFIER = com.rflpz.RJUITests;
				PRODUCT_NAME = "$(TARGET_NAME)";
				TEST_TARGET_NAME = RJ;
			};
			name = Debug;
		};
		8B949EE61DD26B1F00D6ECB1 /* Release */ = {
			isa = XCBuildConfiguration;
			baseConfigurationReference = CCD11D8D7273FF5840941FA4 /* Pods-RJUITests.release.xcconfig */;
			buildSettings = {
				DEVELOPMENT_TEAM = 4AZJQ67WK2;
				INFOPLIST_FILE = RJUITests/Info.plist;
				LD_RUNPATH_SEARCH_PATHS = "$(inherited) @executable_path/Frameworks @loader_path/Frameworks";
				PRODUCT_BUNDLE_IDENTIFIER = com.rflpz.RJUITests;
				PRODUCT_NAME = "$(TARGET_NAME)";
				TEST_TARGET_NAME = RJ;
			};
			name = Release;
		};
/* End XCBuildConfiguration section */

/* Begin XCConfigurationList section */
		8B949EB01DD26B1F00D6ECB1 /* Build configuration list for PBXProject "RJ" */ = {
			isa = XCConfigurationList;
			buildConfigurations = (
				8B949EDC1DD26B1F00D6ECB1 /* Debug */,
				8B949EDD1DD26B1F00D6ECB1 /* Release */,
			);
			defaultConfigurationIsVisible = 0;
			defaultConfigurationName = Release;
		};
		8B949EDE1DD26B1F00D6ECB1 /* Build configuration list for PBXNativeTarget "RJ" */ = {
			isa = XCConfigurationList;
			buildConfigurations = (
				8B949EDF1DD26B1F00D6ECB1 /* Debug */,
				8B949EE01DD26B1F00D6ECB1 /* Release */,
			);
			defaultConfigurationIsVisible = 0;
			defaultConfigurationName = Release;
		};
		8B949EE11DD26B1F00D6ECB1 /* Build configuration list for PBXNativeTarget "RJTests" */ = {
			isa = XCConfigurationList;
			buildConfigurations = (
				8B949EE21DD26B1F00D6ECB1 /* Debug */,
				8B949EE31DD26B1F00D6ECB1 /* Release */,
			);
			defaultConfigurationIsVisible = 0;
			defaultConfigurationName = Release;
		};
		8B949EE41DD26B1F00D6ECB1 /* Build configuration list for PBXNativeTarget "RJUITests" */ = {
			isa = XCConfigurationList;
			buildConfigurations = (
				8B949EE51DD26B1F00D6ECB1 /* Debug */,
				8B949EE61DD26B1F00D6ECB1 /* Release */,
			);
			defaultConfigurationIsVisible = 0;
			defaultConfigurationName = Release;
		};
/* End XCConfigurationList section */
	};
	rootObject = 8B949EAD1DD26B1F00D6ECB1 /* Project object */;
}
